
Microsoft Visual Studio Solution File, Format Version 12.00
# Visual Studio Version 17
VisualStudioVersion = 17.10.35122.118
MinimumVisualStudioVersion = 10.0.40219.1
Project("{9A19103F-16F7-4668-BE54-9A1E7A4F7556}") = "TheShoeShop.userservice", "TheShoeShop\TheShoeShop.userservice.csproj", "{0E2CB317-DAC8-47B5-B166-150B0FA90DBC}"
EndProject
Project("{9A19103F-16F7-4668-BE54-9A1E7A4F7556}") = "theshoeshop.userservice.repository", "theshoeshop.userservice.repository\theshoeshop.userservice.repository.csproj", "{1714EFA5-237F-4DB7-A9E0-558CC0F23E92}"
EndProject
Project("{9A19103F-16F7-4668-BE54-9A1E7A4F7556}") = "theshoeshop.userservice.dataaccess", "theshoeshop.userservice.dataaccess\theshoeshop.userservice.dataaccess.csproj", "{78C05329-3D94-4DA6-9223-23496813DD45}"
EndProject
Project("{9A19103F-16F7-4668-BE54-9A1E7A4F7556}") = "theshoeshop.userservice.domain", "theshoeshop.userservice.domain\theshoeshop.userservice.domain.csproj", "{61C31180-B611-460E-9B68-6F8A2050B3F6}"
EndProject
Project("{9A19103F-16F7-4668-BE54-9A1E7A4F7556}") = "theshoeshop.userservice.common", "thesheshop.userservice.common\theshoeshop.userservice.common.csproj", "{B7C52423-02C6-43BF-8C72-92A2E443FA3C}"
EndProject
Project("{9A19103F-16F7-4668-BE54-9A1E7A4F7556}") = "theshoeshop.userservice.infrasturcture", "theshoeshop.userservice.infrasturcture\theshoeshop.userservice.infrasturcture.csproj", "{A6CDD46C-3E13-4426-B83B-4F8480EE4AFF}"
EndProject
Global
	GlobalSection(SolutionConfigurationPlatforms) = preSolution
		Debug|Any CPU = Debug|Any CPU
		Release|Any CPU = Release|Any CPU
	EndGlobalSection
	GlobalSection(ProjectConfigurationPlatforms) = postSolution
		{0E2CB317-DAC8-47B5-B166-150B0FA90DBC}.Debug|Any CPU.ActiveCfg = Debug|Any CPU
		{0E2CB317-DAC8-47B5-B166-150B0FA90DBC}.Debug|Any CPU.Build.0 = Debug|Any CPU
		{0E2CB317-DAC8-47B5-B166-150B0FA90DBC}.Release|Any CPU.ActiveCfg = Release|Any CPU
		{0E2CB317-DAC8-47B5-B166-150B0FA90DBC}.Release|Any CPU.Build.0 = Release|Any CPU
		{1714EFA5-237F-4DB7-A9E0-558CC0F23E92}.Debug|Any CPU.ActiveCfg = Debug|Any CPU
		{1714EFA5-237F-4DB7-A9E0-558CC0F23E92}.Debug|Any CPU.Build.0 = Debug|Any CPU
		{1714EFA5-237F-4DB7-A9E0-558CC0F23E92}.Release|Any CPU.ActiveCfg = Release|Any CPU
		{1714EFA5-237F-4DB7-A9E0-558CC0F23E92}.Release|Any CPU.Build.0 = Release|Any CPU
		{78C05329-3D94-4DA6-9223-23496813DD45}.Debug|Any CPU.ActiveCfg = Debug|Any CPU
		{78C05329-3D94-4DA6-9223-23496813DD45}.Debug|Any CPU.Build.0 = Debug|Any CPU
		{78C05329-3D94-4DA6-9223-23496813DD45}.Release|Any CPU.ActiveCfg = Release|Any CPU
		{78C05329-3D94-4DA6-9223-23496813DD45}.Release|Any CPU.Build.0 = Release|Any CPU
		{61C31180-B611-460E-9B68-6F8A2050B3F6}.Debug|Any CPU.ActiveCfg = Debug|Any CPU
		{61C31180-B611-460E-9B68-6F8A2050B3F6}.Debug|Any CPU.Build.0 = Debug|Any CPU
		{61C31180-B611-460E-9B68-6F8A2050B3F6}.Release|Any CPU.ActiveCfg = Release|Any CPU
		{61C31180-B611-460E-9B68-6F8A2050B3F6}.Release|Any CPU.Build.0 = Release|Any CPU
		{B7C52423-02C6-43BF-8C72-92A2E443FA3C}.Debug|Any CPU.ActiveCfg = Debug|Any CPU
		{B7C52423-02C6-43BF-8C72-92A2E443FA3C}.Debug|Any CPU.Build.0 = Debug|Any CPU
		{B7C52423-02C6-43BF-8C72-92A2E443FA3C}.Release|Any CPU.ActiveCfg = Release|Any CPU
		{B7C52423-02C6-43BF-8C72-92A2E443FA3C}.Release|Any CPU.Build.0 = Release|Any CPU
		{A6CDD46C-3E13-4426-B83B-4F8480EE4AFF}.Debug|Any CPU.ActiveCfg = Debug|Any CPU
		{A6CDD46C-3E13-4426-B83B-4F8480EE4AFF}.Debug|Any CPU.Build.0 = Debug|Any CPU
		{A6CDD46C-3E13-4426-B83B-4F8480EE4AFF}.Release|Any CPU.ActiveCfg = Release|Any CPU
		{A6CDD46C-3E13-4426-B83B-4F8480EE4AFF}.Release|Any CPU.Build.0 = Release|Any CPU
	EndGlobalSection
	GlobalSection(SolutionProperties) = preSolution
		HideSolutionNode = FALSE
	EndGlobalSection
	GlobalSection(ExtensibilityGlobals) = postSolution
		SolutionGuid = {8744A0EF-2832-4B2A-9142-911DBED9F3CB}
	EndGlobalSection
EndGlobal
